
Microsoft Visual Studio Solution File, Format Version 12.00
# Visual Studio Version 17
VisualStudioVersion = 17.5.33424.131
MinimumVisualStudioVersion = 10.0.40219.1
Project("{9A19103F-16F7-4668-BE54-9A1E7A4F7556}") = "Task1", "Task1\Task1.csproj", "{6863125F-7AF6-47C1-A0D5-55FA3D878758}"
EndProject
Project("{9A19103F-16F7-4668-BE54-9A1E7A4F7556}") = "Task2", "Task2\Task2.csproj", "{687FBF15-F300-4CA7-B60D-7FA3E6BF8B53}"
EndProject
Project("{9A19103F-16F7-4668-BE54-9A1E7A4F7556}") = "Task3", "Task3\Task3.csproj", "{DAC958C1-F97E-4202-AB09-B0A9121DD2F1}"
EndProject
Project("{FAE04EC0-301F-11D3-BF4B-00C04F79EFBC}") = "FinalTask", "FinalTask\FinalTask.csproj", "{41EC529B-7015-45FE-BCD6-2DA2C8B4B074}"
EndProject
Global
	GlobalSection(SolutionConfigurationPlatforms) = preSolution
		Debug|Any CPU = Debug|Any CPU
		Release|Any CPU = Release|Any CPU
	EndGlobalSection
	GlobalSection(ProjectConfigurationPlatforms) = postSolution
		{6863125F-7AF6-47C1-A0D5-55FA3D878758}.Debug|Any CPU.ActiveCfg = Debug|Any CPU
		{6863125F-7AF6-47C1-A0D5-55FA3D878758}.Debug|Any CPU.Build.0 = Debug|Any CPU
		{6863125F-7AF6-47C1-A0D5-55FA3D878758}.Release|Any CPU.ActiveCfg = Release|Any CPU
		{6863125F-7AF6-47C1-A0D5-55FA3D878758}.Release|Any CPU.Build.0 = Release|Any CPU
		{687FBF15-F300-4CA7-B60D-7FA3E6BF8B53}.Debug|Any CPU.ActiveCfg = Debug|Any CPU
		{687FBF15-F300-4CA7-B60D-7FA3E6BF8B53}.Debug|Any CPU.Build.0 = Debug|Any CPU
		{687FBF15-F300-4CA7-B60D-7FA3E6BF8B53}.Release|Any CPU.ActiveCfg = Release|Any CPU
		{687FBF15-F300-4CA7-B60D-7FA3E6BF8B53}.Release|Any CPU.Build.0 = Release|Any CPU
		{DAC958C1-F97E-4202-AB09-B0A9121DD2F1}.Debug|Any CPU.ActiveCfg = Debug|Any CPU
		{DAC958C1-F97E-4202-AB09-B0A9121DD2F1}.Debug|Any CPU.Build.0 = Debug|Any CPU
		{DAC958C1-F97E-4202-AB09-B0A9121DD2F1}.Release|Any CPU.ActiveCfg = Release|Any CPU
		{DAC958C1-F97E-4202-AB09-B0A9121DD2F1}.Release|Any CPU.Build.0 = Release|Any CPU
		{41EC529B-7015-45FE-BCD6-2DA2C8B4B074}.Debug|Any CPU.ActiveCfg = Debug|Any CPU
		{41EC529B-7015-45FE-BCD6-2DA2C8B4B074}.Debug|Any CPU.Build.0 = Debug|Any CPU
		{41EC529B-7015-45FE-BCD6-2DA2C8B4B074}.Release|Any CPU.ActiveCfg = Release|Any CPU
		{41EC529B-7015-45FE-BCD6-2DA2C8B4B074}.Release|Any CPU.Build.0 = Release|Any CPU
	EndGlobalSection
	GlobalSection(SolutionProperties) = preSolution
		HideSolutionNode = FALSE
	EndGlobalSection
	GlobalSection(ExtensibilityGlobals) = postSolution
		SolutionGuid = {1430A24B-B2F0-4CC1-A713-8C6B20C8D818}
	EndGlobalSection
EndGlobal
